// !$*UTF8*$!
{
	archiveVersion = 1;
	classes = {
	};
	objectVersion = 46;
	objects = {

/* Begin PBXBuildFile section */
		4E9995151EE7172700A1CFA6 /* TouchEvents.c in Sources */ = {isa = PBXBuildFile; fileRef = 4ECC16A21EE54D870062AC72 /* TouchEvents.c */; };
		4EC7C3B91EE711B400C9F725 /* AppDelegate.m in Sources */ = {isa = PBXBuildFile; fileRef = 4EC7C3B81EE711B400C9F725 /* AppDelegate.m */; };
		4EC7C3BE1EE711B400C9F725 /* Assets.xcassets in Resources */ = {isa = PBXBuildFile; fileRef = 4EC7C3BD1EE711B400C9F725 /* Assets.xcassets */; };
		4EC7C3C41EE711B400C9F725 /* main.m in Sources */ = {isa = PBXBuildFile; fileRef = 4EC7C3C31EE711B400C9F725 /* main.m */; };
		4ECC169A1EE54D3D0062AC72 /* main.m in Sources */ = {isa = PBXBuildFile; fileRef = 4ECC16991EE54D3D0062AC72 /* main.m */; };
		4ECC16AB1EE54D870062AC72 /* TouchEvents.c in Sources */ = {isa = PBXBuildFile; fileRef = 4ECC16A21EE54D870062AC72 /* TouchEvents.c */; };
		4EF1B3A31EE71DC40075438A /* Main.storyboard in Resources */ = {isa = PBXBuildFile; fileRef = 4EF1B39F1EE71D690075438A /* Main.storyboard */; };
		4EF68AE21EE55A9500F6B0E8 /* main.m in Sources */ = {isa = PBXBuildFile; fileRef = 4ECC16991EE54D3D0062AC72 /* main.m */; };
		4EF68AE31EE55A9500F6B0E8 /* TouchEvents.c in Sources */ = {isa = PBXBuildFile; fileRef = 4ECC16A21EE54D870062AC72 /* TouchEvents.c */; };
/* End PBXBuildFile section */

/* Begin PBXCopyFilesBuildPhase section */
		4ECC16941EE54D3D0062AC72 /* CopyFiles */ = {
			isa = PBXCopyFilesBuildPhase;
			buildActionMask = 2147483647;
			dstPath = /usr/share/man/man1/;
			dstSubfolderSpec = 0;
			files = (
			);
			runOnlyForDeploymentPostprocessing = 1;
		};
		4EF68AE51EE55A9500F6B0E8 /* CopyFiles */ = {
			isa = PBXCopyFilesBuildPhase;
			buildActionMask = 2147483647;
			dstPath = /usr/share/man/man1/;
			dstSubfolderSpec = 0;
			files = (
			);
			runOnlyForDeploymentPostprocessing = 1;
		};
/* End PBXCopyFilesBuildPhase section */

/* Begin PBXFileReference section */
		4EC7C3B51EE711B400C9F725 /* SensibleSideButtons.app */ = {isa = PBXFileReference; explicitFileType = wrapper.application; includeInIndex = 0; path = SensibleSideButtons.app; sourceTree = BUILT_PRODUCTS_DIR; };
		4EC7C3B71EE711B400C9F725 /* AppDelegate.h */ = {isa = PBXFileReference; lastKnownFileType = sourcecode.c.h; path = AppDelegate.h; sourceTree = "<group>"; };
		4EC7C3B81EE711B400C9F725 /* AppDelegate.m */ = {isa = PBXFileReference; lastKnownFileType = sourcecode.c.objc; path = AppDelegate.m; sourceTree = "<group>"; };
		4EC7C3BD1EE711B400C9F725 /* Assets.xcassets */ = {isa = PBXFileReference; lastKnownFileType = folder.assetcatalog; path = Assets.xcassets; sourceTree = "<group>"; };
		4EC7C3C21EE711B400C9F725 /* Info.plist */ = {isa = PBXFileReference; lastKnownFileType = text.plist.xml; path = Info.plist; sourceTree = "<group>"; };
		4EC7C3C31EE711B400C9F725 /* main.m */ = {isa = PBXFileReference; lastKnownFileType = sourcecode.c.objc; path = main.m; sourceTree = "<group>"; };
		4EC7C3C51EE711B400C9F725 /* SideButtonFixer.entitlements */ = {isa = PBXFileReference; lastKnownFileType = text.plist.entitlements; path = SideButtonFixer.entitlements; sourceTree = "<group>"; };
		4ECC16961EE54D3D0062AC72 /* swipesiml */ = {isa = PBXFileReference; explicitFileType = "compiled.mach-o.executable"; includeInIndex = 0; path = swipesiml; sourceTree = BUILT_PRODUCTS_DIR; };
		4ECC16991EE54D3D0062AC72 /* main.m */ = {isa = PBXFileReference; lastKnownFileType = sourcecode.c.objc; path = main.m; sourceTree = "<group>"; };
		4ECC16A21EE54D870062AC72 /* TouchEvents.c */ = {isa = PBXFileReference; fileEncoding = 4; lastKnownFileType = sourcecode.c.c; path = TouchEvents.c; sourceTree = "<group>"; };
		4ECC16A31EE54D870062AC72 /* IOHIDEventTypes.h */ = {isa = PBXFileReference; fileEncoding = 4; lastKnownFileType = sourcecode.c.h; path = IOHIDEventTypes.h; sourceTree = "<group>"; };
		4ECC16A41EE54D870062AC72 /* IOHIDEventData.h */ = {isa = PBXFileReference; fileEncoding = 4; lastKnownFileType = sourcecode.c.h; path = IOHIDEventData.h; sourceTree = "<group>"; };
		4ECC16A71EE54D870062AC72 /* TouchEvents.h */ = {isa = PBXFileReference; fileEncoding = 4; lastKnownFileType = sourcecode.c.h; path = TouchEvents.h; sourceTree = "<group>"; };
		4EF1B3A01EE71D690075438A /* Base */ = {isa = PBXFileReference; lastKnownFileType = file.storyboard; name = Base; path = Base.lproj/Main.storyboard; sourceTree = "<group>"; };
		4EF68AE91EE55A9500F6B0E8 /* swipesimr */ = {isa = PBXFileReference; explicitFileType = "compiled.mach-o.executable"; includeInIndex = 0; path = swipesimr; sourceTree = BUILT_PRODUCTS_DIR; };
/* End PBXFileReference section */

/* Begin PBXFrameworksBuildPhase section */
		4EC7C3B21EE711B400C9F725 /* Frameworks */ = {
			isa = PBXFrameworksBuildPhase;
			buildActionMask = 2147483647;
			files = (
			);
			runOnlyForDeploymentPostprocessing = 0;
		};
		4ECC16931EE54D3D0062AC72 /* Frameworks */ = {
			isa = PBXFrameworksBuildPhase;
			buildActionMask = 2147483647;
			files = (
			);
			runOnlyForDeploymentPostprocessing = 0;
		};
		4EF68AE41EE55A9500F6B0E8 /* Frameworks */ = {
			isa = PBXFrameworksBuildPhase;
			buildActionMask = 2147483647;
			files = (
			);
			runOnlyForDeploymentPostprocessing = 0;
		};
/* End PBXFrameworksBuildPhase section */

/* Begin PBXGroup section */
		4EC7C3B61EE711B400C9F725 /* SideButtonFixer */ = {
			isa = PBXGroup;
			children = (
				4EC7C3B71EE711B400C9F725 /* AppDelegate.h */,
				4EC7C3B81EE711B400C9F725 /* AppDelegate.m */,
				4EC7C3BD1EE711B400C9F725 /* Assets.xcassets */,
				4EC7C3C21EE711B400C9F725 /* Info.plist */,
				4EC7C3C31EE711B400C9F725 /* main.m */,
				4EF1B39F1EE71D690075438A /* Main.storyboard */,
				4EC7C3C51EE711B400C9F725 /* SideButtonFixer.entitlements */,
			);
			path = SideButtonFixer;
			sourceTree = "<group>";
		};
		4ECC168D1EE54D3D0062AC72 = {
			isa = PBXGroup;
			children = (
				4ECC16981EE54D3D0062AC72 /* SwipeSimulator */,
				4EC7C3B61EE711B400C9F725 /* SideButtonFixer */,
				4ECC16A01EE54D790062AC72 /* External */,
				4ECC16971EE54D3D0062AC72 /* Products */,
			);
			sourceTree = "<group>";
		};
		4ECC16971EE54D3D0062AC72 /* Products */ = {
			isa = PBXGroup;
			children = (
				4ECC16961EE54D3D0062AC72 /* swipesiml */,
				4EF68AE91EE55A9500F6B0E8 /* swipesimr */,
				4EC7C3B51EE711B400C9F725 /* SensibleSideButtons.app */,
			);
			name = Products;
			sourceTree = "<group>";
		};
		4ECC16981EE54D3D0062AC72 /* SwipeSimulator */ = {
			isa = PBXGroup;
			children = (
				4ECC16991EE54D3D0062AC72 /* main.m */,
			);
			path = SwipeSimulator;
			sourceTree = "<group>";
		};
		4ECC16A01EE54D790062AC72 /* External */ = {
			isa = PBXGroup;
			children = (
				4ECC16A71EE54D870062AC72 /* TouchEvents.h */,
				4ECC16A21EE54D870062AC72 /* TouchEvents.c */,
				4ECC16A31EE54D870062AC72 /* IOHIDEventTypes.h */,
				4ECC16A41EE54D870062AC72 /* IOHIDEventData.h */,
			);
			path = External;
			sourceTree = "<group>";
		};
/* End PBXGroup section */

/* Begin PBXNativeTarget section */
		4EC7C3B41EE711B400C9F725 /* SensibleSideButtons */ = {
			isa = PBXNativeTarget;
			buildConfigurationList = 4EC7C3C81EE711B400C9F725 /* Build configuration list for PBXNativeTarget "SensibleSideButtons" */;
			buildPhases = (
				4EC7C3B11EE711B400C9F725 /* Sources */,
				4EC7C3B21EE711B400C9F725 /* Frameworks */,
				4EC7C3B31EE711B400C9F725 /* Resources */,
			);
			buildRules = (
			);
			dependencies = (
			);
			name = SensibleSideButtons;
			productName = SideButtonFixer;
			productReference = 4EC7C3B51EE711B400C9F725 /* SensibleSideButtons.app */;
			productType = "com.apple.product-type.application";
		};
		4ECC16951EE54D3D0062AC72 /* swipesiml */ = {
			isa = PBXNativeTarget;
			buildConfigurationList = 4ECC169D1EE54D3D0062AC72 /* Build configuration list for PBXNativeTarget "swipesiml" */;
			buildPhases = (
				4ECC16921EE54D3D0062AC72 /* Sources */,
				4ECC16931EE54D3D0062AC72 /* Frameworks */,
				4ECC16941EE54D3D0062AC72 /* CopyFiles */,
			);
			buildRules = (
			);
			dependencies = (
			);
			name = swipesiml;
			productName = SwipeSimulator;
			productReference = 4ECC16961EE54D3D0062AC72 /* swipesiml */;
			productType = "com.apple.product-type.tool";
		};
		4EF68AE01EE55A9500F6B0E8 /* swipesimr */ = {
			isa = PBXNativeTarget;
			buildConfigurationList = 4EF68AE61EE55A9500F6B0E8 /* Build configuration list for PBXNativeTarget "swipesimr" */;
			buildPhases = (
				4EF68AE11EE55A9500F6B0E8 /* Sources */,
				4EF68AE41EE55A9500F6B0E8 /* Frameworks */,
				4EF68AE51EE55A9500F6B0E8 /* CopyFiles */,
			);
			buildRules = (
			);
			dependencies = (
			);
			name = swipesimr;
			productName = SwipeSimulator;
			productReference = 4EF68AE91EE55A9500F6B0E8 /* swipesimr */;
			productType = "com.apple.product-type.tool";
		};
/* End PBXNativeTarget section */

/* Begin PBXProject section */
		4ECC168E1EE54D3D0062AC72 /* Project object */ = {
			isa = PBXProject;
			attributes = {
				LastUpgradeCheck = 1220;
				ORGANIZATIONNAME = "Alexei Baboulevitch";
				TargetAttributes = {
					4EC7C3B41EE711B400C9F725 = {
						CreatedOnToolsVersion = 9.0;
						DevelopmentTeam = R4MX2B96J2;
						ProvisioningStyle = Automatic;
						SystemCapabilities = {
							com.apple.Sandbox = {
								enabled = 0;
							};
						};
					};
					4ECC16951EE54D3D0062AC72 = {
						CreatedOnToolsVersion = 8.3.1;
						DevelopmentTeam = R4MX2B96J2;
						ProvisioningStyle = Automatic;
					};
					4EF68AE01EE55A9500F6B0E8 = {
						DevelopmentTeam = R4MX2B96J2;
					};
				};
			};
			buildConfigurationList = 4ECC16911EE54D3D0062AC72 /* Build configuration list for PBXProject "SwipeSimulator" */;
			compatibilityVersion = "Xcode 3.2";
			developmentRegion = en;
			hasScannedForEncodings = 0;
			knownRegions = (
				en,
				Base,
			);
			mainGroup = 4ECC168D1EE54D3D0062AC72;
			productRefGroup = 4ECC16971EE54D3D0062AC72 /* Products */;
			projectDirPath = "";
			projectRoot = "";
			targets = (
				4ECC16951EE54D3D0062AC72 /* swipesiml */,
				4EF68AE01EE55A9500F6B0E8 /* swipesimr */,
				4EC7C3B41EE711B400C9F725 /* SensibleSideButtons */,
			);
		};
/* End PBXProject section */

/* Begin PBXResourcesBuildPhase section */
		4EC7C3B31EE711B400C9F725 /* Resources */ = {
			isa = PBXResourcesBuildPhase;
			buildActionMask = 2147483647;
			files = (
				4EC7C3BE1EE711B400C9F725 /* Assets.xcassets in Resources */,
				4EF1B3A31EE71DC40075438A /* Main.storyboard in Resources */,
			);
			runOnlyForDeploymentPostprocessing = 0;
		};
/* End PBXResourcesBuildPhase section */

/* Begin PBXSourcesBuildPhase section */
		4EC7C3B11EE711B400C9F725 /* Sources */ = {
			isa = PBXSourcesBuildPhase;
			buildActionMask = 2147483647;
			files = (
				4EC7C3C41EE711B400C9F725 /* main.m in Sources */,
				4E9995151EE7172700A1CFA6 /* TouchEvents.c in Sources */,
				4EC7C3B91EE711B400C9F725 /* AppDelegate.m in Sources */,
			);
			runOnlyForDeploymentPostprocessing = 0;
		};
		4ECC16921EE54D3D0062AC72 /* Sources */ = {
			isa = PBXSourcesBuildPhase;
			buildActionMask = 2147483647;
			files = (
				4ECC169A1EE54D3D0062AC72 /* main.m in Sources */,
				4ECC16AB1EE54D870062AC72 /* TouchEvents.c in Sources */,
			);
			runOnlyForDeploymentPostprocessing = 0;
		};
		4EF68AE11EE55A9500F6B0E8 /* Sources */ = {
			isa = PBXSourcesBuildPhase;
			buildActionMask = 2147483647;
			files = (
				4EF68AE21EE55A9500F6B0E8 /* main.m in Sources */,
				4EF68AE31EE55A9500F6B0E8 /* TouchEvents.c in Sources */,
			);
			runOnlyForDeploymentPostprocessing = 0;
		};
/* End PBXSourcesBuildPhase section */

/* Begin PBXVariantGroup section */
		4EF1B39F1EE71D690075438A /* Main.storyboard */ = {
			isa = PBXVariantGroup;
			children = (
				4EF1B3A01EE71D690075438A /* Base */,
			);
			name = Main.storyboard;
			sourceTree = "<group>";
		};
/* End PBXVariantGroup section */

/* Begin XCBuildConfiguration section */
		4EC7C3C61EE711B400C9F725 /* Debug */ = {
			isa = XCBuildConfiguration;
			buildSettings = {
				ASSETCATALOG_COMPILER_APPICON_NAME = AppIcon;
				CLANG_CXX_LANGUAGE_STANDARD = "gnu++14";
				CLANG_WARN_BLOCK_CAPTURE_AUTORELEASING = YES;
				CLANG_WARN_COMMA = YES;
				CLANG_WARN_RANGE_LOOP_ANALYSIS = YES;
				CLANG_WARN_STRICT_PROTOTYPES = YES;
				CLANG_WARN_UNGUARDED_AVAILABILITY = YES_AGGRESSIVE;
				CODE_SIGN_IDENTITY = "Mac Developer";
				CODE_SIGN_STYLE = Automatic;
				COMBINE_HIDPI_IMAGES = YES;
				DEVELOPMENT_TEAM = R4MX2B96J2;
				ENABLE_HARDENED_RUNTIME = YES;
				GCC_C_LANGUAGE_STANDARD = gnu11;
				GCC_PREPROCESSOR_DEFINITIONS = (
					"DEBUG=1",
					"$(inherited)",
				);
				INFOPLIST_FILE = SideButtonFixer/Info.plist;
				LD_RUNPATH_SEARCH_PATHS = "$(inherited) @executable_path/../Frameworks";
				MACOSX_DEPLOYMENT_TARGET = 10.10;
				PRODUCT_BUNDLE_IDENTIFIER = "net.archagon.sensible-side-buttons";
				PRODUCT_NAME = "$(TARGET_NAME)";
				PROVISIONING_PROFILE_SPECIFIER = "";
			};
			name = Debug;
		};
		4EC7C3C71EE711B400C9F725 /* Release */ = {
			isa = XCBuildConfiguration;
			buildSettings = {
				ASSETCATALOG_COMPILER_APPICON_NAME = AppIcon;
				CLANG_CXX_LANGUAGE_STANDARD = "gnu++14";
				CLANG_WARN_BLOCK_CAPTURE_AUTORELEASING = YES;
				CLANG_WARN_COMMA = YES;
				CLANG_WARN_RANGE_LOOP_ANALYSIS = YES;
				CLANG_WARN_STRICT_PROTOTYPES = YES;
				CLANG_WARN_UNGUARDED_AVAILABILITY = YES_AGGRESSIVE;
				CODE_SIGN_IDENTITY = "Mac Developer";
				CODE_SIGN_STYLE = Automatic;
				COMBINE_HIDPI_IMAGES = YES;
				DEVELOPMENT_TEAM = R4MX2B96J2;
				ENABLE_HARDENED_RUNTIME = YES;
				GCC_C_LANGUAGE_STANDARD = gnu11;
				INFOPLIST_FILE = SideButtonFixer/Info.plist;
				LD_RUNPATH_SEARCH_PATHS = "$(inherited) @executable_path/../Frameworks";
				MACOSX_DEPLOYMENT_TARGET = 10.10;
				PRODUCT_BUNDLE_IDENTIFIER = "net.archagon.sensible-side-buttons";
				PRODUCT_NAME = "$(TARGET_NAME)";
				PROVISIONING_PROFILE_SPECIFIER = "";
			};
			name = Release;
		};
		4ECC169B1EE54D3D0062AC72 /* Debug */ = {
			isa = XCBuildConfiguration;
			buildSettings = {
				ALWAYS_SEARCH_USER_PATHS = NO;
				CLANG_ANALYZER_LOCALIZABILITY_NONLOCALIZED = YES;
				CLANG_ANALYZER_NONNULL = YES;
				CLANG_ANALYZER_NUMBER_OBJECT_CONVERSION = YES_AGGRESSIVE;
				CLANG_CXX_LANGUAGE_STANDARD = "gnu++0x";
				CLANG_CXX_LIBRARY = "libc++";
				CLANG_ENABLE_MODULES = YES;
				CLANG_ENABLE_OBJC_ARC = YES;
				CLANG_WARN_BLOCK_CAPTURE_AUTORELEASING = YES;
				CLANG_WARN_BOOL_CONVERSION = YES;
				CLANG_WARN_COMMA = YES;
				CLANG_WARN_CONSTANT_CONVERSION = YES;
				CLANG_WARN_DEPRECATED_OBJC_IMPLEMENTATIONS = YES;
				CLANG_WARN_DIRECT_OBJC_ISA_USAGE = YES_ERROR;
				CLANG_WARN_DOCUMENTATION_COMMENTS = YES;
				CLANG_WARN_EMPTY_BODY = YES;
				CLANG_WARN_ENUM_CONVERSION = YES;
				CLANG_WARN_INFINITE_RECURSION = YES;
				CLANG_WARN_INT_CONVERSION = YES;
				CLANG_WARN_NON_LITERAL_NULL_CONVERSION = YES;
				CLANG_WARN_OBJC_IMPLICIT_RETAIN_SELF = YES;
				CLANG_WARN_OBJC_LITERAL_CONVERSION = YES;
				CLANG_WARN_OBJC_ROOT_CLASS = YES_ERROR;
				CLANG_WARN_QUOTED_INCLUDE_IN_FRAMEWORK_HEADER = YES;
				CLANG_WARN_RANGE_LOOP_ANALYSIS = YES;
				CLANG_WARN_STRICT_PROTOTYPES = YES;
				CLANG_WARN_SUSPICIOUS_MOVE = YES;
				CLANG_WARN_UNREACHABLE_CODE = YES;
				CLANG_WARN__DUPLICATE_METHOD_MATCH = YES;
				CODE_SIGN_IDENTITY = "-";
				COPY_PHASE_STRIP = NO;
				DEBUG_INFORMATION_FORMAT = dwarf;
				ENABLE_STRICT_OBJC_MSGSEND = YES;
				ENABLE_TESTABILITY = YES;
				GCC_C_LANGUAGE_STANDARD = gnu99;
				GCC_DYNAMIC_NO_PIC = NO;
				GCC_NO_COMMON_BLOCKS = YES;
				GCC_OPTIMIZATION_LEVEL = 0;
				GCC_PREPROCESSOR_DEFINITIONS = "DEBUG=1";
				GCC_WARN_64_TO_32_BIT_CONVERSION = YES;
				GCC_WARN_ABOUT_RETURN_TYPE = YES_ERROR;
				GCC_WARN_UNDECLARED_SELECTOR = YES;
				GCC_WARN_UNINITIALIZED_AUTOS = YES_AGGRESSIVE;
				GCC_WARN_UNUSED_FUNCTION = YES;
				GCC_WARN_UNUSED_VARIABLE = YES;
				MACOSX_DEPLOYMENT_TARGET = 10.12;
				MTL_ENABLE_DEBUG_INFO = YES;
				ONLY_ACTIVE_ARCH = YES;
				SDKROOT = macosx;
			};
			name = Debug;
		};
		4ECC169C1EE54D3D0062AC72 /* Release */ = {
			isa = XCBuildConfiguration;
			buildSettings = {
				ALWAYS_SEARCH_USER_PATHS = NO;
				CLANG_ANALYZER_LOCALIZABILITY_NONLOCALIZED = YES;
				CLANG_ANALYZER_NONNULL = YES;
				CLANG_ANALYZER_NUMBER_OBJECT_CONVERSION = YES_AGGRESSIVE;
				CLANG_CXX_LANGUAGE_STANDARD = "gnu++0x";
				CLANG_CXX_LIBRARY = "libc++";
				CLANG_ENABLE_MODULES = YES;
				CLANG_ENABLE_OBJC_ARC = YES;
				CLANG_WARN_BLOCK_CAPTURE_AUTORELEASING = YES;
				CLANG_WARN_BOOL_CONVERSION = YES;
				CLANG_WARN_COMMA = YES;
				CLANG_WARN_CONSTANT_CONVERSION = YES;
				CLANG_WARN_DEPRECATED_OBJC_IMPLEMENTATIONS = YES;
				CLANG_WARN_DIRECT_OBJC_ISA_USAGE = YES_ERROR;
				CLANG_WARN_DOCUMENTATION_COMMENTS = YES;
				CLANG_WARN_EMPTY_BODY = YES;
				CLANG_WARN_ENUM_CONVERSION = YES;
				CLANG_WARN_INFINITE_RECURSION = YES;
				CLANG_WARN_INT_CONVERSION = YES;
				CLANG_WARN_NON_LITERAL_NULL_CONVERSION = YES;
				CLANG_WARN_OBJC_IMPLICIT_RETAIN_SELF = YES;
				CLANG_WARN_OBJC_LITERAL_CONVERSION = YES;
				CLANG_WARN_OBJC_ROOT_CLASS = YES_ERROR;
				CLANG_WARN_QUOTED_INCLUDE_IN_FRAMEWORK_HEADER = YES;
				CLANG_WARN_RANGE_LOOP_ANALYSIS = YES;
				CLANG_WARN_STRICT_PROTOTYPES = YES;
				CLANG_WARN_SUSPICIOUS_MOVE = YES;
				CLANG_WARN_UNREACHABLE_CODE = YES;
				CLANG_WARN__DUPLICATE_METHOD_MATCH = YES;
				CODE_SIGN_IDENTITY = "-";
				COPY_PHASE_STRIP = NO;
				DEBUG_INFORMATION_FORMAT = "dwarf-with-dsym";
				ENABLE_NS_ASSERTIONS = NO;
				ENABLE_STRICT_OBJC_MSGSEND = YES;
				GCC_C_LANGUAGE_STANDARD = gnu99;
				GCC_NO_COMMON_BLOCKS = YES;
				GCC_PREPROCESSOR_DEFINITIONS = "";
				GCC_WARN_64_TO_32_BIT_CONVERSION = YES;
				GCC_WARN_ABOUT_RETURN_TYPE = YES_ERROR;
				GCC_WARN_UNDECLARED_SELECTOR = YES;
				GCC_WARN_UNINITIALIZED_AUTOS = YES_AGGRESSIVE;
				GCC_WARN_UNUSED_FUNCTION = YES;
				GCC_WARN_UNUSED_VARIABLE = YES;
				MACOSX_DEPLOYMENT_TARGET = 10.12;
				MTL_ENABLE_DEBUG_INFO = NO;
				SDKROOT = macosx;
			};
			name = Release;
		};
		4ECC169E1EE54D3D0062AC72 /* Debug */ = {
			isa = XCBuildConfiguration;
			buildSettings = {
				CODE_SIGN_IDENTITY = "-";
				DEVELOPMENT_TEAM = R4MX2B96J2;
				FRAMEWORK_SEARCH_PATHS = (
					"$(inherited)",
					"$(SYSTEM_LIBRARY_DIR)/PrivateFrameworks",
				);
				GCC_PREPROCESSOR_DEFINITIONS = (
					"LEFT=1",
					"DEBUG=1",
				);
				PRODUCT_NAME = "$(TARGET_NAME)";
			};
			name = Debug;
		};
		4ECC169F1EE54D3D0062AC72 /* Release */ = {
			isa = XCBuildConfiguration;
			buildSettings = {
				CODE_SIGN_IDENTITY = "-";
				DEVELOPMENT_TEAM = R4MX2B96J2;
				FRAMEWORK_SEARCH_PATHS = (
					"$(inherited)",
					"$(SYSTEM_LIBRARY_DIR)/PrivateFrameworks",
				);
				GCC_PREPROCESSOR_DEFINITIONS = "LEFT=1";
				PRODUCT_NAME = "$(TARGET_NAME)";
			};
			name = Release;
		};
		4EF68AE71EE55A9500F6B0E8 /* Debug */ = {
			isa = XCBuildConfiguration;
			buildSettings = {
				CODE_SIGN_IDENTITY = "-";
				DEVELOPMENT_TEAM = R4MX2B96J2;
				FRAMEWORK_SEARCH_PATHS = (
					"$(inherited)",
					"$(SYSTEM_LIBRARY_DIR)/PrivateFrameworks",
				);
				GCC_PREPROCESSOR_DEFINITIONS = (
					"RIGHT=1",
					"DEBUG=1",
				);
				PRODUCT_NAME = "$(TARGET_NAME)";
			};
			name = Debug;
		};
		4EF68AE81EE55A9500F6B0E8 /* Release */ = {
			isa = XCBuildConfiguration;
			buildSettings = {
				CODE_SIGN_IDENTITY = "-";
				DEVELOPMENT_TEAM = R4MX2B96J2;
				FRAMEWORK_SEARCH_PATHS = (
					"$(inherited)",
					"$(SYSTEM_LIBRARY_DIR)/PrivateFrameworks",
				);
				GCC_PREPROCESSOR_DEFINITIONS = "RIGHT=1";
				PRODUCT_NAME = "$(TARGET_NAME)";
			};
			name = Release;
		};
/* End XCBuildConfiguration section */

/* Begin XCConfigurationList section */
		4EC7C3C81EE711B400C9F725 /* Build configuration list for PBXNativeTarget "SensibleSideButtons" */ = {
			isa = XCConfigurationList;
			buildConfigurations = (
				4EC7C3C61EE711B400C9F725 /* Debug */,
				4EC7C3C71EE711B400C9F725 /* Release */,
			);
			defaultConfigurationIsVisible = 0;
			defaultConfigurationName = Release;
		};
		4ECC16911EE54D3D0062AC72 /* Build configuration list for PBXProject "SwipeSimulator" */ = {
			isa = XCConfigurationList;
			buildConfigurations = (
				4ECC169B1EE54D3D0062AC72 /* Debug */,
				4ECC169C1EE54D3D0062AC72 /* Release */,
			);
			defaultConfigurationIsVisible = 0;
			defaultConfigurationName = Release;
		};
		4ECC169D1EE54D3D0062AC72 /* Build configuration list for PBXNativeTarget "swipesiml" */ = {
			isa = XCConfigurationList;
			buildConfigurations = (
				4ECC169E1EE54D3D0062AC72 /* Debug */,
				4ECC169F1EE54D3D0062AC72 /* Release */,
			);
			defaultConfigurationIsVisible = 0;
			defaultConfigurationName = Release;
		};
		4EF68AE61EE55A9500F6B0E8 /* Build configuration list for PBXNativeTarget "swipesimr" */ = {
			isa = XCConfigurationList;
			buildConfigurations = (
				4EF68AE71EE55A9500F6B0E8 /* Debug */,
				4EF68AE81EE55A9500F6B0E8 /* Release */,
			);
			defaultConfigurationIsVisible = 0;
			defaultConfigurationName = Release;
		};
/* End XCConfigurationList section */
	};
	rootObject = 4ECC168E1EE54D3D0062AC72 /* Project object */;
}
